
Microsoft Visual Studio Solution File, Format Version 12.00
# Visual Studio Version 17
VisualStudioVersion = 17.1.32210.238
MinimumVisualStudioVersion = 10.0.40219.1
Project("{FAE04EC0-301F-11D3-BF4B-00C04F79EFBC}") = "LearnTogether", "LearnTogether\LearnTogether.csproj", "{8ACF23FD-D2D3-4088-B641-DBD198F3FA56}"
EndProject
Global
	GlobalSection(SolutionConfigurationPlatforms) = preSolution
		Debug|Any CPU = Debug|Any CPU
		Release|Any CPU = Release|Any CPU
	EndGlobalSection
	GlobalSection(ProjectConfigurationPlatforms) = postSolution
		{8ACF23FD-D2D3-4088-B641-DBD198F3FA56}.Debug|Any CPU.ActiveCfg = Debug|Any CPU
		{8ACF23FD-D2D3-4088-B641-DBD198F3FA56}.Debug|Any CPU.Build.0 = Debug|Any CPU
		{8ACF23FD-D2D3-4088-B641-DBD198F3FA56}.Release|Any CPU.ActiveCfg = Release|Any CPU
		{8ACF23FD-D2D3-4088-B641-DBD198F3FA56}.Release|Any CPU.Build.0 = Release|Any CPU
	EndGlobalSection
	GlobalSection(SolutionProperties) = preSolution
		HideSolutionNode = FALSE
	EndGlobalSection
	GlobalSection(ExtensibilityGlobals) = postSolution
		SolutionGuid = {5CF2D882-8B11-4D4A-BE2F-D46032A55DAD}
	EndGlobalSection
EndGlobal
